// !$*UTF8*$!
{
	archiveVersion = 1;
	classes = {
	};
	objectVersion = 51;
	objects = {

/* Begin PBXBuildFile section */
		82960BCCD8152DE68320C2CD /* Pods_xCom.framework in Frameworks */ = {isa = PBXBuildFile; fileRef = FC32CED37AD71670FCA478E6 /* Pods_xCom.framework */; };
		BD15C9562473F0FA0025DB05 /* SignupViewController.swift in Sources */ = {isa = PBXBuildFile; fileRef = BD15C9552473F0FA0025DB05 /* SignupViewController.swift */; };
		BD6C1497247564C300638096 /* Dashboard.storyboard in Resources */ = {isa = PBXBuildFile; fileRef = BD6C1496247564C300638096 /* Dashboard.storyboard */; };
		BD6C14992475652600638096 /* DashboardViewController.swift in Sources */ = {isa = PBXBuildFile; fileRef = BD6C14982475652600638096 /* DashboardViewController.swift */; };
		EB4AB6EB2476CBCE005FA871 /* DemoViewController.swift in Sources */ = {isa = PBXBuildFile; fileRef = EB4AB6EA2476CBCE005FA871 /* DemoViewController.swift */; };
		EB9AD99C24681DA9000F712E /* AppDelegate.swift in Sources */ = {isa = PBXBuildFile; fileRef = EB9AD99B24681DA9000F712E /* AppDelegate.swift */; };
		EB9AD99E24681DA9000F712E /* SceneDelegate.swift in Sources */ = {isa = PBXBuildFile; fileRef = EB9AD99D24681DA9000F712E /* SceneDelegate.swift */; };
		EB9AD9A024681DA9000F712E /* ViewController.swift in Sources */ = {isa = PBXBuildFile; fileRef = EB9AD99F24681DA9000F712E /* ViewController.swift */; };
		EB9AD9A324681DA9000F712E /* Main.storyboard in Resources */ = {isa = PBXBuildFile; fileRef = EB9AD9A124681DA9000F712E /* Main.storyboard */; };
		EB9AD9A624681DA9000F712E /* xCom.xcdatamodeld in Sources */ = {isa = PBXBuildFile; fileRef = EB9AD9A424681DA9000F712E /* xCom.xcdatamodeld */; };
		EB9AD9A824681DAB000F712E /* Assets.xcassets in Resources */ = {isa = PBXBuildFile; fileRef = EB9AD9A724681DAB000F712E /* Assets.xcassets */; };
		EB9AD9AB24681DAB000F712E /* LaunchScreen.storyboard in Resources */ = {isa = PBXBuildFile; fileRef = EB9AD9A924681DAB000F712E /* LaunchScreen.storyboard */; };
		EB9AD9B724681FB6000F712E /* Auth.storyboard in Resources */ = {isa = PBXBuildFile; fileRef = EB9AD9B624681FB6000F712E /* Auth.storyboard */; };
		EBA8292C24683FB700138F47 /* util.swift in Sources */ = {isa = PBXBuildFile; fileRef = EBA8292B24683FB700138F47 /* util.swift */; };
		EBBC816D246AFD5D00B98398 /* LoginViewController.swift in Sources */ = {isa = PBXBuildFile; fileRef = EBBC816C246AFD5D00B98398 /* LoginViewController.swift */; };
/* End PBXBuildFile section */

/* Begin PBXFileReference section */
		639B17504C2636C715EEB4A5 /* Pods-xCom.release.xcconfig */ = {isa = PBXFileReference; includeInIndex = 1; lastKnownFileType = text.xcconfig; name = "Pods-xCom.release.xcconfig"; path = "Target Support Files/Pods-xCom/Pods-xCom.release.xcconfig"; sourceTree = "<group>"; };
		71A3E66E0A6ECDB749DA173C /* Pods-xCom.debug.xcconfig */ = {isa = PBXFileReference; includeInIndex = 1; lastKnownFileType = text.xcconfig; name = "Pods-xCom.debug.xcconfig"; path = "Target Support Files/Pods-xCom/Pods-xCom.debug.xcconfig"; sourceTree = "<group>"; };
		BD15C9552473F0FA0025DB05 /* SignupViewController.swift */ = {isa = PBXFileReference; lastKnownFileType = sourcecode.swift; path = SignupViewController.swift; sourceTree = "<group>"; };
		BD6C1496247564C300638096 /* Dashboard.storyboard */ = {isa = PBXFileReference; lastKnownFileType = file.storyboard; path = Dashboard.storyboard; sourceTree = "<group>"; };
		BD6C14982475652600638096 /* DashboardViewController.swift */ = {isa = PBXFileReference; lastKnownFileType = sourcecode.swift; path = DashboardViewController.swift; sourceTree = "<group>"; };
		EB4AB6EA2476CBCE005FA871 /* DemoViewController.swift */ = {isa = PBXFileReference; lastKnownFileType = sourcecode.swift; path = DemoViewController.swift; sourceTree = "<group>"; };
		EB9AD99824681DA9000F712E /* xCom.app */ = {isa = PBXFileReference; explicitFileType = wrapper.application; includeInIndex = 0; path = xCom.app; sourceTree = BUILT_PRODUCTS_DIR; };
		EB9AD99B24681DA9000F712E /* AppDelegate.swift */ = {isa = PBXFileReference; lastKnownFileType = sourcecode.swift; path = AppDelegate.swift; sourceTree = "<group>"; };
		EB9AD99D24681DA9000F712E /* SceneDelegate.swift */ = {isa = PBXFileReference; lastKnownFileType = sourcecode.swift; path = SceneDelegate.swift; sourceTree = "<group>"; };
		EB9AD99F24681DA9000F712E /* ViewController.swift */ = {isa = PBXFileReference; lastKnownFileType = sourcecode.swift; path = ViewController.swift; sourceTree = "<group>"; };
		EB9AD9A224681DA9000F712E /* Base */ = {isa = PBXFileReference; lastKnownFileType = file.storyboard; name = Base; path = Base.lproj/Main.storyboard; sourceTree = "<group>"; };
		EB9AD9A524681DA9000F712E /* xCom.xcdatamodel */ = {isa = PBXFileReference; lastKnownFileType = wrapper.xcdatamodel; path = xCom.xcdatamodel; sourceTree = "<group>"; };
		EB9AD9A724681DAB000F712E /* Assets.xcassets */ = {isa = PBXFileReference; lastKnownFileType = folder.assetcatalog; path = Assets.xcassets; sourceTree = "<group>"; };
		EB9AD9AA24681DAB000F712E /* Base */ = {isa = PBXFileReference; lastKnownFileType = file.storyboard; name = Base; path = Base.lproj/LaunchScreen.storyboard; sourceTree = "<group>"; };
		EB9AD9AC24681DAB000F712E /* Info.plist */ = {isa = PBXFileReference; lastKnownFileType = text.plist.xml; path = Info.plist; sourceTree = "<group>"; };
		EB9AD9B624681FB6000F712E /* Auth.storyboard */ = {isa = PBXFileReference; lastKnownFileType = file.storyboard; path = Auth.storyboard; sourceTree = "<group>"; };
		EBA8292B24683FB700138F47 /* util.swift */ = {isa = PBXFileReference; lastKnownFileType = sourcecode.swift; path = util.swift; sourceTree = "<group>"; };
		EBBC816C246AFD5D00B98398 /* LoginViewController.swift */ = {isa = PBXFileReference; lastKnownFileType = sourcecode.swift; path = LoginViewController.swift; sourceTree = "<group>"; };
		FC32CED37AD71670FCA478E6 /* Pods_xCom.framework */ = {isa = PBXFileReference; explicitFileType = wrapper.framework; includeInIndex = 0; path = Pods_xCom.framework; sourceTree = BUILT_PRODUCTS_DIR; };
/* End PBXFileReference section */

/* Begin PBXFrameworksBuildPhase section */
		EB9AD99524681DA9000F712E /* Frameworks */ = {
			isa = PBXFrameworksBuildPhase;
			buildActionMask = 2147483647;
			files = (
				82960BCCD8152DE68320C2CD /* Pods_xCom.framework in Frameworks */,
			);
			runOnlyForDeploymentPostprocessing = 0;
		};
/* End PBXFrameworksBuildPhase section */

/* Begin PBXGroup section */
		567C6D46977B4B9692E97D9C /* Frameworks */ = {
			isa = PBXGroup;
			children = (
				FC32CED37AD71670FCA478E6 /* Pods_xCom.framework */,
			);
			name = Frameworks;
			sourceTree = "<group>";
		};
		7B6E806BCD5C0D4E3B3303B9 /* Pods */ = {
			isa = PBXGroup;
			children = (
				71A3E66E0A6ECDB749DA173C /* Pods-xCom.debug.xcconfig */,
				639B17504C2636C715EEB4A5 /* Pods-xCom.release.xcconfig */,
			);
			path = Pods;
			sourceTree = "<group>";
		};
		EB9AD98F24681DA9000F712E = {
			isa = PBXGroup;
			children = (
				EB9AD99A24681DA9000F712E /* xCom */,
				EB9AD99924681DA9000F712E /* Products */,
				7B6E806BCD5C0D4E3B3303B9 /* Pods */,
				567C6D46977B4B9692E97D9C /* Frameworks */,
			);
			sourceTree = "<group>";
		};
		EB9AD99924681DA9000F712E /* Products */ = {
			isa = PBXGroup;
			children = (
				EB9AD99824681DA9000F712E /* xCom.app */,
			);
			name = Products;
			sourceTree = "<group>";
		};
		EB9AD99A24681DA9000F712E /* xCom */ = {
			isa = PBXGroup;
			children = (
				EB9AD99B24681DA9000F712E /* AppDelegate.swift */,
				EB9AD99D24681DA9000F712E /* SceneDelegate.swift */,
				EB9AD9B324681F65000F712E /* controllers */,
				EB9AD9B224681EF6000F712E /* storyboards */,
				EBA8292A24683D2200138F47 /* extensions */,
				EB9AD9A724681DAB000F712E /* Assets.xcassets */,
				EB9AD9AC24681DAB000F712E /* Info.plist */,
				EB9AD9A424681DA9000F712E /* xCom.xcdatamodeld */,
			);
			path = xCom;
			sourceTree = "<group>";
		};
		EB9AD9B224681EF6000F712E /* storyboards */ = {
			isa = PBXGroup;
			children = (
				EB9AD9A124681DA9000F712E /* Main.storyboard */,
				EB9AD9A924681DAB000F712E /* LaunchScreen.storyboard */,
				EB9AD9B624681FB6000F712E /* Auth.storyboard */,
				BD6C1496247564C300638096 /* Dashboard.storyboard */,
			);
			path = storyboards;
			sourceTree = "<group>";
		};
		EB9AD9B324681F65000F712E /* controllers */ = {
			isa = PBXGroup;
			children = (
				EB9AD99F24681DA9000F712E /* ViewController.swift */,
				EBBC816C246AFD5D00B98398 /* LoginViewController.swift */,
				BD15C9552473F0FA0025DB05 /* SignupViewController.swift */,
				BD6C14982475652600638096 /* DashboardViewController.swift */,
				EB4AB6EA2476CBCE005FA871 /* DemoViewController.swift */,
			);
			path = controllers;
			sourceTree = "<group>";
		};
		EBA8292A24683D2200138F47 /* extensions */ = {
			isa = PBXGroup;
			children = (
				EBA8292B24683FB700138F47 /* util.swift */,
			);
			path = extensions;
			sourceTree = "<group>";
		};
/* End PBXGroup section */

/* Begin PBXNativeTarget section */
		EB9AD99724681DA9000F712E /* xCom */ = {
			isa = PBXNativeTarget;
			buildConfigurationList = EB9AD9AF24681DAB000F712E /* Build configuration list for PBXNativeTarget "xCom" */;
			buildPhases = (
				6A26B115AC83478D7865B368 /* [CP] Check Pods Manifest.lock */,
				EB9AD99424681DA9000F712E /* Sources */,
				EB9AD99524681DA9000F712E /* Frameworks */,
				EB9AD99624681DA9000F712E /* Resources */,
				464E4170C46DAD60ECC48B83 /* [CP] Embed Pods Frameworks */,
			);
			buildRules = (
			);
			dependencies = (
			);
			name = xCom;
			productName = xCom;
			productReference = EB9AD99824681DA9000F712E /* xCom.app */;
			productType = "com.apple.product-type.application";
		};
/* End PBXNativeTarget section */

/* Begin PBXProject section */
		EB9AD99024681DA9000F712E /* Project object */ = {
			isa = PBXProject;
			attributes = {
				LastSwiftUpdateCheck = 1140;
				LastUpgradeCheck = 1140;
				ORGANIZATIONNAME = "Shan Zaman";
				TargetAttributes = {
					EB9AD99724681DA9000F712E = {
						CreatedOnToolsVersion = 11.4.1;
					};
				};
			};
			buildConfigurationList = EB9AD99324681DA9000F712E /* Build configuration list for PBXProject "xCom" */;
			compatibilityVersion = "Xcode 9.3";
			developmentRegion = en;
			hasScannedForEncodings = 0;
			knownRegions = (
				en,
				Base,
			);
			mainGroup = EB9AD98F24681DA9000F712E;
			productRefGroup = EB9AD99924681DA9000F712E /* Products */;
			projectDirPath = "";
			projectRoot = "";
			targets = (
				EB9AD99724681DA9000F712E /* xCom */,
			);
		};
/* End PBXProject section */

/* Begin PBXResourcesBuildPhase section */
		EB9AD99624681DA9000F712E /* Resources */ = {
			isa = PBXResourcesBuildPhase;
			buildActionMask = 2147483647;
			files = (
				EB9AD9B724681FB6000F712E /* Auth.storyboard in Resources */,
				BD6C1497247564C300638096 /* Dashboard.storyboard in Resources */,
				EB9AD9AB24681DAB000F712E /* LaunchScreen.storyboard in Resources */,
				EB9AD9A824681DAB000F712E /* Assets.xcassets in Resources */,
				EB9AD9A324681DA9000F712E /* Main.storyboard in Resources */,
			);
			runOnlyForDeploymentPostprocessing = 0;
		};
/* End PBXResourcesBuildPhase section */

/* Begin PBXShellScriptBuildPhase section */
		464E4170C46DAD60ECC48B83 /* [CP] Embed Pods Frameworks */ = {
			isa = PBXShellScriptBuildPhase;
			buildActionMask = 2147483647;
			files = (
			);
			inputFileListPaths = (
				"${PODS_ROOT}/Target Support Files/Pods-xCom/Pods-xCom-frameworks-${CONFIGURATION}-input-files.xcfilelist",
			);
			name = "[CP] Embed Pods Frameworks";
			outputFileListPaths = (
				"${PODS_ROOT}/Target Support Files/Pods-xCom/Pods-xCom-frameworks-${CONFIGURATION}-output-files.xcfilelist",
			);
			runOnlyForDeploymentPostprocessing = 0;
			shellPath = /bin/sh;
			shellScript = "\"${PODS_ROOT}/Target Support Files/Pods-xCom/Pods-xCom-frameworks.sh\"\n";
			showEnvVarsInLog = 0;
		};
		6A26B115AC83478D7865B368 /* [CP] Check Pods Manifest.lock */ = {
			isa = PBXShellScriptBuildPhase;
			buildActionMask = 2147483647;
			files = (
			);
			inputFileListPaths = (
			);
			inputPaths = (
				"${PODS_PODFILE_DIR_PATH}/Podfile.lock",
				"${PODS_ROOT}/Manifest.lock",
			);
			name = "[CP] Check Pods Manifest.lock";
			outputFileListPaths = (
			);
			outputPaths = (
				"$(DERIVED_FILE_DIR)/Pods-xCom-checkManifestLockResult.txt",
			);
			runOnlyForDeploymentPostprocessing = 0;
			shellPath = /bin/sh;
			shellScript = "diff \"${PODS_PODFILE_DIR_PATH}/Podfile.lock\" \"${PODS_ROOT}/Manifest.lock\" > /dev/null\nif [ $? != 0 ] ; then\n    # print error to STDERR\n    echo \"error: The sandbox is not in sync with the Podfile.lock. Run 'pod install' or update your CocoaPods installation.\" >&2\n    exit 1\nfi\n# This output is used by Xcode 'outputs' to avoid re-running this script phase.\necho \"SUCCESS\" > \"${SCRIPT_OUTPUT_FILE_0}\"\n";
			showEnvVarsInLog = 0;
		};
/* End PBXShellScriptBuildPhase section */

/* Begin PBXSourcesBuildPhase section */
		EB9AD99424681DA9000F712E /* Sources */ = {
			isa = PBXSourcesBuildPhase;
			buildActionMask = 2147483647;
			files = (
				EBBC816D246AFD5D00B98398 /* LoginViewController.swift in Sources */,
				BD15C9562473F0FA0025DB05 /* SignupViewController.swift in Sources */,
				EB9AD9A624681DA9000F712E /* xCom.xcdatamodeld in Sources */,
				EB4AB6EB2476CBCE005FA871 /* DemoViewController.swift in Sources */,
				EB9AD9A024681DA9000F712E /* ViewController.swift in Sources */,
				EB9AD99C24681DA9000F712E /* AppDelegate.swift in Sources */,
				EBA8292C24683FB700138F47 /* util.swift in Sources */,
				EB9AD99E24681DA9000F712E /* SceneDelegate.swift in Sources */,
				BD6C14992475652600638096 /* DashboardViewController.swift in Sources */,
			);
			runOnlyForDeploymentPostprocessing = 0;
		};
/* End PBXSourcesBuildPhase section */

/* Begin PBXVariantGroup section */
		EB9AD9A124681DA9000F712E /* Main.storyboard */ = {
			isa = PBXVariantGroup;
			children = (
				EB9AD9A224681DA9000F712E /* Base */,
			);
			name = Main.storyboard;
			sourceTree = "<group>";
		};
		EB9AD9A924681DAB000F712E /* LaunchScreen.storyboard */ = {
			isa = PBXVariantGroup;
			children = (
				EB9AD9AA24681DAB000F712E /* Base */,
			);
			name = LaunchScreen.storyboard;
			sourceTree = "<group>";
		};
/* End PBXVariantGroup section */

/* Begin XCBuildConfiguration section */
		EB9AD9AD24681DAB000F712E /* Debug */ = {
			isa = XCBuildConfiguration;
			buildSettings = {
				ALWAYS_SEARCH_USER_PATHS = NO;
				CLANG_ANALYZER_NONNULL = YES;
				CLANG_ANALYZER_NUMBER_OBJECT_CONVERSION = YES_AGGRESSIVE;
				CLANG_CXX_LANGUAGE_STANDARD = "gnu++14";
				CLANG_CXX_LIBRARY = "libc++";
				CLANG_ENABLE_MODULES = YES;
				CLANG_ENABLE_OBJC_ARC = YES;
				CLANG_ENABLE_OBJC_WEAK = YES;
				CLANG_WARN_BLOCK_CAPTURE_AUTORELEASING = YES;
				CLANG_WARN_BOOL_CONVERSION = YES;
				CLANG_WARN_COMMA = YES;
				CLANG_WARN_CONSTANT_CONVERSION = YES;
				CLANG_WARN_DEPRECATED_OBJC_IMPLEMENTATIONS = YES;
				CLANG_WARN_DIRECT_OBJC_ISA_USAGE = YES_ERROR;
				CLANG_WARN_DOCUMENTATION_COMMENTS = YES;
				CLANG_WARN_EMPTY_BODY = YES;
				CLANG_WARN_ENUM_CONVERSION = YES;
				CLANG_WARN_INFINITE_RECURSION = YES;
				CLANG_WARN_INT_CONVERSION = YES;
				CLANG_WARN_NON_LITERAL_NULL_CONVERSION = YES;
				CLANG_WARN_OBJC_IMPLICIT_RETAIN_SELF = YES;
				CLANG_WARN_OBJC_LITERAL_CONVERSION = YES;
				CLANG_WARN_OBJC_ROOT_CLASS = YES_ERROR;
				CLANG_WARN_RANGE_LOOP_ANALYSIS = YES;
				CLANG_WARN_STRICT_PROTOTYPES = YES;
				CLANG_WARN_SUSPICIOUS_MOVE = YES;
				CLANG_WARN_UNGUARDED_AVAILABILITY = YES_AGGRESSIVE;
				CLANG_WARN_UNREACHABLE_CODE = YES;
				CLANG_WARN__DUPLICATE_METHOD_MATCH = YES;
				COPY_PHASE_STRIP = NO;
				DEBUG_INFORMATION_FORMAT = dwarf;
				ENABLE_STRICT_OBJC_MSGSEND = YES;
				ENABLE_TESTABILITY = YES;
				GCC_C_LANGUAGE_STANDARD = gnu11;
				GCC_DYNAMIC_NO_PIC = NO;
				GCC_NO_COMMON_BLOCKS = YES;
				GCC_OPTIMIZATION_LEVEL = 0;
				GCC_PREPROCESSOR_DEFINITIONS = (
					"DEBUG=1",
					"$(inherited)",
				);
				GCC_WARN_64_TO_32_BIT_CONVERSION = YES;
				GCC_WARN_ABOUT_RETURN_TYPE = YES_ERROR;
				GCC_WARN_UNDECLARED_SELECTOR = YES;
				GCC_WARN_UNINITIALIZED_AUTOS = YES_AGGRESSIVE;
				GCC_WARN_UNUSED_FUNCTION = YES;
				GCC_WARN_UNUSED_VARIABLE = YES;
				IPHONEOS_DEPLOYMENT_TARGET = 13.0;
				MTL_ENABLE_DEBUG_INFO = INCLUDE_SOURCE;
				MTL_FAST_MATH = YES;
				ONLY_ACTIVE_ARCH = YES;
				SDKROOT = iphoneos;
				SWIFT_ACTIVE_COMPILATION_CONDITIONS = DEBUG;
				SWIFT_OPTIMIZATION_LEVEL = "-Onone";
			};
			name = Debug;
		};
		EB9AD9AE24681DAB000F712E /* Release */ = {
			isa = XCBuildConfiguration;
			buildSettings = {
				ALWAYS_SEARCH_USER_PATHS = NO;
				CLANG_ANALYZER_NONNULL = YES;
				CLANG_ANALYZER_NUMBER_OBJECT_CONVERSION = YES_AGGRESSIVE;
				CLANG_CXX_LANGUAGE_STANDARD = "gnu++14";
				CLANG_CXX_LIBRARY = "libc++";
				CLANG_ENABLE_MODULES = YES;
				CLANG_ENABLE_OBJC_ARC = YES;
				CLANG_ENABLE_OBJC_WEAK = YES;
				CLANG_WARN_BLOCK_CAPTURE_AUTORELEASING = YES;
				CLANG_WARN_BOOL_CONVERSION = YES;
				CLANG_WARN_COMMA = YES;
				CLANG_WARN_CONSTANT_CONVERSION = YES;
				CLANG_WARN_DEPRECATED_OBJC_IMPLEMENTATIONS = YES;
				CLANG_WARN_DIRECT_OBJC_ISA_USAGE = YES_ERROR;
				CLANG_WARN_DOCUMENTATION_COMMENTS = YES;
				CLANG_WARN_EMPTY_BODY = YES;
				CLANG_WARN_ENUM_CONVERSION = YES;
				CLANG_WARN_INFINITE_RECURSION = YES;
				CLANG_WARN_INT_CONVERSION = YES;
				CLANG_WARN_NON_LITERAL_NULL_CONVERSION = YES;
				CLANG_WARN_OBJC_IMPLICIT_RETAIN_SELF = YES;
				CLANG_WARN_OBJC_LITERAL_CONVERSION = YES;
				CLANG_WARN_OBJC_ROOT_CLASS = YES_ERROR;
				CLANG_WARN_RANGE_LOOP_ANALYSIS = YES;
				CLANG_WARN_STRICT_PROTOTYPES = YES;
				CLANG_WARN_SUSPICIOUS_MOVE = YES;
				CLANG_WARN_UNGUARDED_AVAILABILITY = YES_AGGRESSIVE;
				CLANG_WARN_UNREACHABLE_CODE = YES;
				CLANG_WARN__DUPLICATE_METHOD_MATCH = YES;
				COPY_PHASE_STRIP = NO;
				DEBUG_INFORMATION_FORMAT = "dwarf-with-dsym";
				ENABLE_NS_ASSERTIONS = NO;
				ENABLE_STRICT_OBJC_MSGSEND = YES;
				GCC_C_LANGUAGE_STANDARD = gnu11;
				GCC_NO_COMMON_BLOCKS = YES;
				GCC_WARN_64_TO_32_BIT_CONVERSION = YES;
				GCC_WARN_ABOUT_RETURN_TYPE = YES_ERROR;
				GCC_WARN_UNDECLARED_SELECTOR = YES;
				GCC_WARN_UNINITIALIZED_AUTOS = YES_AGGRESSIVE;
				GCC_WARN_UNUSED_FUNCTION = YES;
				GCC_WARN_UNUSED_VARIABLE = YES;
				IPHONEOS_DEPLOYMENT_TARGET = 13.0;
				MTL_ENABLE_DEBUG_INFO = NO;
				MTL_FAST_MATH = YES;
				SDKROOT = iphoneos;
				SWIFT_COMPILATION_MODE = wholemodule;
				SWIFT_OPTIMIZATION_LEVEL = "-O";
				VALIDATE_PRODUCT = YES;
			};
			name = Release;
		};
		EB9AD9B024681DAB000F712E /* Debug */ = {
			isa = XCBuildConfiguration;
			baseConfigurationReference = 71A3E66E0A6ECDB749DA173C /* Pods-xCom.debug.xcconfig */;
			buildSettings = {
				ASSETCATALOG_COMPILER_APPICON_NAME = AppIcon;
				CODE_SIGN_STYLE = Automatic;
				DEVELOPMENT_TEAM = 3WVKWS25BR;
				INFOPLIST_FILE = xCom/Info.plist;
				LD_RUNPATH_SEARCH_PATHS = (
					"$(inherited)",
					"@executable_path/Frameworks",
				);
				PRODUCT_BUNDLE_IDENTIFIER = com.zaman.xCom;
				PRODUCT_NAME = "$(TARGET_NAME)";
				SWIFT_VERSION = 5.0;
				TARGETED_DEVICE_FAMILY = "1,2";
			};
			name = Debug;
		};
		EB9AD9B124681DAB000F712E /* Release */ = {
			isa = XCBuildConfiguration;
			baseConfigurationReference = 639B17504C2636C715EEB4A5 /* Pods-xCom.release.xcconfig */;
			buildSettings = {
				ASSETCATALOG_COMPILER_APPICON_NAME = AppIcon;
				CODE_SIGN_STYLE = Automatic;
				DEVELOPMENT_TEAM = 3WVKWS25BR;
				INFOPLIST_FILE = xCom/Info.plist;
				LD_RUNPATH_SEARCH_PATHS = (
					"$(inherited)",
					"@executable_path/Frameworks",
				);
				PRODUCT_BUNDLE_IDENTIFIER = com.zaman.xCom;
				PRODUCT_NAME = "$(TARGET_NAME)";
				SWIFT_VERSION = 5.0;
				TARGETED_DEVICE_FAMILY = "1,2";
			};
			name = Release;
		};
/* End XCBuildConfiguration section */

/* Begin XCConfigurationList section */
		EB9AD99324681DA9000F712E /* Build configuration list for PBXProject "xCom" */ = {
			isa = XCConfigurationList;
			buildConfigurations = (
				EB9AD9AD24681DAB000F712E /* Debug */,
				EB9AD9AE24681DAB000F712E /* Release */,
			);
			defaultConfigurationIsVisible = 0;
			defaultConfigurationName = Release;
		};
		EB9AD9AF24681DAB000F712E /* Build configuration list for PBXNativeTarget "xCom" */ = {
			isa = XCConfigurationList;
			buildConfigurations = (
				EB9AD9B024681DAB000F712E /* Debug */,
				EB9AD9B124681DAB000F712E /* Release */,
			);
			defaultConfigurationIsVisible = 0;
			defaultConfigurationName = Release;
		};
/* End XCConfigurationList section */

/* Begin XCVersionGroup section */
		EB9AD9A424681DA9000F712E /* xCom.xcdatamodeld */ = {
			isa = XCVersionGroup;
			children = (
				EB9AD9A524681DA9000F712E /* xCom.xcdatamodel */,
			);
			currentVersion = EB9AD9A524681DA9000F712E /* xCom.xcdatamodel */;
			path = xCom.xcdatamodeld;
			sourceTree = "<group>";
			versionGroupType = wrapper.xcdatamodel;
		};
/* End XCVersionGroup section */
	};
	rootObject = EB9AD99024681DA9000F712E /* Project object */;
}
